// !$*UTF8*$!
{
	archiveVersion = 1;
	classes = {
	};
	objectVersion = 56;
	objects = {

/* Begin PBXBuildFile section */
		4F4E7CAB2A7E1D0F008340D8 /* iMovieApp.swift in Sources */ = {isa = PBXBuildFile; fileRef = 4F4E7CAA2A7E1D0F008340D8 /* iMovieApp.swift */; };
		4F4E7CAD2A7E1D0F008340D8 /* MovieListView.swift in Sources */ = {isa = PBXBuildFile; fileRef = 4F4E7CAC2A7E1D0F008340D8 /* MovieListView.swift */; };
		4F4E7CAF2A7E1D10008340D8 /* Assets.xcassets in Resources */ = {isa = PBXBuildFile; fileRef = 4F4E7CAE2A7E1D10008340D8 /* Assets.xcassets */; };
		4F4E7CB22A7E1D10008340D8 /* Preview Assets.xcassets in Resources */ = {isa = PBXBuildFile; fileRef = 4F4E7CB12A7E1D10008340D8 /* Preview Assets.xcassets */; };
		4F4E7CB92A7E2016008340D8 /* MovieListCell.swift in Sources */ = {isa = PBXBuildFile; fileRef = 4F4E7CB82A7E2016008340D8 /* MovieListCell.swift */; };
		4FB375F82A7E2A1200F00E64 /* MovieDetailView.swift in Sources */ = {isa = PBXBuildFile; fileRef = 4FB375F72A7E2A1200F00E64 /* MovieDetailView.swift */; };
		4FB376072A7E2CBE00F00E64 /* MovieRequest.swift in Sources */ = {isa = PBXBuildFile; fileRef = 4FB375FE2A7E2CBE00F00E64 /* MovieRequest.swift */; };
		4FB376082A7E2CBE00F00E64 /* Reachability.swift in Sources */ = {isa = PBXBuildFile; fileRef = 4FB376002A7E2CBE00F00E64 /* Reachability.swift */; };
		4FB376092A7E2CBE00F00E64 /* ImageDownloadService.swift in Sources */ = {isa = PBXBuildFile; fileRef = 4FB376022A7E2CBE00F00E64 /* ImageDownloadService.swift */; };
		4FB3760A2A7E2CBE00F00E64 /* NetworkService.swift in Sources */ = {isa = PBXBuildFile; fileRef = 4FB376032A7E2CBE00F00E64 /* NetworkService.swift */; };
		4FB3760B2A7E2CBE00F00E64 /* DataRequest.swift in Sources */ = {isa = PBXBuildFile; fileRef = 4FB376042A7E2CBE00F00E64 /* DataRequest.swift */; };
		4FB3760C2A7E2CBE00F00E64 /* ErrorResponse.swift in Sources */ = {isa = PBXBuildFile; fileRef = 4FB376052A7E2CBE00F00E64 /* ErrorResponse.swift */; };
		4FB376102A7E2D6C00F00E64 /* Movie.swift in Sources */ = {isa = PBXBuildFile; fileRef = 4FB3760F2A7E2D6C00F00E64 /* Movie.swift */; };
		4FB3761C2A7E2DAF00F00E64 /* Strings.swift in Sources */ = {isa = PBXBuildFile; fileRef = 4FB376152A7E2DAF00F00E64 /* Strings.swift */; };
		4FB3761D2A7E2DAF00F00E64 /* NetworkRoutes.swift in Sources */ = {isa = PBXBuildFile; fileRef = 4FB376162A7E2DAF00F00E64 /* NetworkRoutes.swift */; };
		4FB376202A7E2DAF00F00E64 /* NSError.swift in Sources */ = {isa = PBXBuildFile; fileRef = 4FB3761A2A7E2DAF00F00E64 /* NSError.swift */; };
		4FB376312A7E2F6F00F00E64 /* AppDIContainer.swift in Sources */ = {isa = PBXBuildFile; fileRef = 4FB3762A2A7E2F6F00F00E64 /* AppDIContainer.swift */; };
		4FB376322A7E2F6F00F00E64 /* MovieListDIContainer.swift in Sources */ = {isa = PBXBuildFile; fileRef = 4FB3762B2A7E2F6F00F00E64 /* MovieListDIContainer.swift */; };
		4FB376382A7E302000F00E64 /* MoviesRepository.swift in Sources */ = {isa = PBXBuildFile; fileRef = 4FB376372A7E302000F00E64 /* MoviesRepository.swift */; };
		4FB376432A7E304800F00E64 /* MovieListViewModel.swift in Sources */ = {isa = PBXBuildFile; fileRef = 4FB3763A2A7E304800F00E64 /* MovieListViewModel.swift */; };
		4FB3764E2A7E571F00F00E64 /* RemoteImage.swift in Sources */ = {isa = PBXBuildFile; fileRef = 4FB3764D2A7E571F00F00E64 /* RemoteImage.swift */; };
		4FB376502A7E90B100F00E64 /* LoadingCell.swift in Sources */ = {isa = PBXBuildFile; fileRef = 4FB3764F2A7E90B100F00E64 /* LoadingCell.swift */; };
		4FB376532A7FAB5200F00E64 /* LoadingView.swift in Sources */ = {isa = PBXBuildFile; fileRef = 4FB376522A7FAB5200F00E64 /* LoadingView.swift */; };
		4FB376552A7FDF3A00F00E64 /* SplashDIContainer.swift in Sources */ = {isa = PBXBuildFile; fileRef = 4FB376542A7FDF3A00F00E64 /* SplashDIContainer.swift */; };
		4FB376582A7FE1AD00F00E64 /* SplashView.swift in Sources */ = {isa = PBXBuildFile; fileRef = 4FB376572A7FE1AD00F00E64 /* SplashView.swift */; };
		4FB3765A2A7FF66800F00E64 /* Color.swift in Sources */ = {isa = PBXBuildFile; fileRef = 4FB376592A7FF66800F00E64 /* Color.swift */; };
		4FB3765C2A7FF87000F00E64 /* Image.swift in Sources */ = {isa = PBXBuildFile; fileRef = 4FB3765B2A7FF87000F00E64 /* Image.swift */; };
		4FB3765E2A7FFBAF00F00E64 /* MovieButton.swift in Sources */ = {isa = PBXBuildFile; fileRef = 4FB3765D2A7FFBAF00F00E64 /* MovieButton.swift */; };
		4FB376642A800B1000F00E64 /* EmptyView.swift in Sources */ = {isa = PBXBuildFile; fileRef = 4FB376632A800B1000F00E64 /* EmptyView.swift */; };
		68AA94DE2A7F764A00E17F84 /* sampleData.json in Resources */ = {isa = PBXBuildFile; fileRef = 68AA94DD2A7F763C00E17F84 /* sampleData.json */; };
		68AA94E02A7F767A00E17F84 /* MockDataGenerator.swift in Sources */ = {isa = PBXBuildFile; fileRef = 68AA94DF2A7F767A00E17F84 /* MockDataGenerator.swift */; };
		68AA94E22A7F77F500E17F84 /* MoviesRepositoryMock.swift in Sources */ = {isa = PBXBuildFile; fileRef = 68AA94E12A7F77F500E17F84 /* MoviesRepositoryMock.swift */; };
		68AA94E42A7F7D9700E17F84 /* NetworkServiceMock.swift in Sources */ = {isa = PBXBuildFile; fileRef = 68AA94E32A7F7D9700E17F84 /* NetworkServiceMock.swift */; };
		68AA94E72A7F7EE000E17F84 /* MoviesViewModelTests.swift in Sources */ = {isa = PBXBuildFile; fileRef = 68AA94E62A7F7EE000E17F84 /* MoviesViewModelTests.swift */; };
		68AA94EA2A7F845000E17F84 /* MoviesModelTest.swift in Sources */ = {isa = PBXBuildFile; fileRef = 68AA94E92A7F845000E17F84 /* MoviesModelTest.swift */; };
		68EECD7B2A7E628C00506F83 /* MovieDetailRequest.swift in Sources */ = {isa = PBXBuildFile; fileRef = 68EECD7A2A7E628C00506F83 /* MovieDetailRequest.swift */; };
		68EECD7D2A7E67E000506F83 /* MovieDetailViewModel.swift in Sources */ = {isa = PBXBuildFile; fileRef = 68EECD7C2A7E67E000506F83 /* MovieDetailViewModel.swift */; };
		68EECD7F2A7E741400506F83 /* MovieDetailDIContainer.swift in Sources */ = {isa = PBXBuildFile; fileRef = 68EECD7E2A7E741400506F83 /* MovieDetailDIContainer.swift */; };
/* End PBXBuildFile section */

/* Begin PBXContainerItemProxy section */
		68AA94D72A7EB36300E17F84 /* PBXContainerItemProxy */ = {
			isa = PBXContainerItemProxy;
			containerPortal = 4F4E7C9F2A7E1D0F008340D8 /* Project object */;
			proxyType = 1;
			remoteGlobalIDString = 4F4E7CA62A7E1D0F008340D8;
			remoteInfo = iMovie;
		};
/* End PBXContainerItemProxy section */

/* Begin PBXFileReference section */
		4F4E7CA72A7E1D0F008340D8 /* iMovie.app */ = {isa = PBXFileReference; explicitFileType = wrapper.application; includeInIndex = 0; path = iMovie.app; sourceTree = BUILT_PRODUCTS_DIR; };
		4F4E7CAA2A7E1D0F008340D8 /* iMovieApp.swift */ = {isa = PBXFileReference; lastKnownFileType = sourcecode.swift; path = iMovieApp.swift; sourceTree = "<group>"; };
		4F4E7CAC2A7E1D0F008340D8 /* MovieListView.swift */ = {isa = PBXFileReference; lastKnownFileType = sourcecode.swift; path = MovieListView.swift; sourceTree = "<group>"; };
		4F4E7CAE2A7E1D10008340D8 /* Assets.xcassets */ = {isa = PBXFileReference; lastKnownFileType = folder.assetcatalog; path = Assets.xcassets; sourceTree = "<group>"; };
		4F4E7CB12A7E1D10008340D8 /* Preview Assets.xcassets */ = {isa = PBXFileReference; lastKnownFileType = folder.assetcatalog; path = "Preview Assets.xcassets"; sourceTree = "<group>"; };
		4F4E7CB82A7E2016008340D8 /* MovieListCell.swift */ = {isa = PBXFileReference; lastKnownFileType = sourcecode.swift; path = MovieListCell.swift; sourceTree = "<group>"; };
		4FB375F72A7E2A1200F00E64 /* MovieDetailView.swift */ = {isa = PBXFileReference; lastKnownFileType = sourcecode.swift; path = MovieDetailView.swift; sourceTree = "<group>"; };
		4FB375FE2A7E2CBE00F00E64 /* MovieRequest.swift */ = {isa = PBXFileReference; fileEncoding = 4; lastKnownFileType = sourcecode.swift; path = MovieRequest.swift; sourceTree = "<group>"; };
		4FB376002A7E2CBE00F00E64 /* Reachability.swift */ = {isa = PBXFileReference; fileEncoding = 4; lastKnownFileType = sourcecode.swift; path = Reachability.swift; sourceTree = "<group>"; };
		4FB376022A7E2CBE00F00E64 /* ImageDownloadService.swift */ = {isa = PBXFileReference; fileEncoding = 4; lastKnownFileType = sourcecode.swift; path = ImageDownloadService.swift; sourceTree = "<group>"; };
		4FB376032A7E2CBE00F00E64 /* NetworkService.swift */ = {isa = PBXFileReference; fileEncoding = 4; lastKnownFileType = sourcecode.swift; path = NetworkService.swift; sourceTree = "<group>"; };
		4FB376042A7E2CBE00F00E64 /* DataRequest.swift */ = {isa = PBXFileReference; fileEncoding = 4; lastKnownFileType = sourcecode.swift; path = DataRequest.swift; sourceTree = "<group>"; };
		4FB376052A7E2CBE00F00E64 /* ErrorResponse.swift */ = {isa = PBXFileReference; fileEncoding = 4; lastKnownFileType = sourcecode.swift; path = ErrorResponse.swift; sourceTree = "<group>"; };
		4FB3760F2A7E2D6C00F00E64 /* Movie.swift */ = {isa = PBXFileReference; lastKnownFileType = sourcecode.swift; path = Movie.swift; sourceTree = "<group>"; };
		4FB376152A7E2DAF00F00E64 /* Strings.swift */ = {isa = PBXFileReference; fileEncoding = 4; lastKnownFileType = sourcecode.swift; path = Strings.swift; sourceTree = "<group>"; };
		4FB376162A7E2DAF00F00E64 /* NetworkRoutes.swift */ = {isa = PBXFileReference; fileEncoding = 4; lastKnownFileType = sourcecode.swift; path = NetworkRoutes.swift; sourceTree = "<group>"; };
		4FB3761A2A7E2DAF00F00E64 /* NSError.swift */ = {isa = PBXFileReference; fileEncoding = 4; lastKnownFileType = sourcecode.swift; path = NSError.swift; sourceTree = "<group>"; };
		4FB3762A2A7E2F6F00F00E64 /* AppDIContainer.swift */ = {isa = PBXFileReference; fileEncoding = 4; lastKnownFileType = sourcecode.swift; path = AppDIContainer.swift; sourceTree = "<group>"; };
		4FB3762B2A7E2F6F00F00E64 /* MovieListDIContainer.swift */ = {isa = PBXFileReference; fileEncoding = 4; lastKnownFileType = sourcecode.swift; path = MovieListDIContainer.swift; sourceTree = "<group>"; };
		4FB376372A7E302000F00E64 /* MoviesRepository.swift */ = {isa = PBXFileReference; fileEncoding = 4; lastKnownFileType = sourcecode.swift; path = MoviesRepository.swift; sourceTree = "<group>"; };
		4FB3763A2A7E304800F00E64 /* MovieListViewModel.swift */ = {isa = PBXFileReference; fileEncoding = 4; lastKnownFileType = sourcecode.swift; path = MovieListViewModel.swift; sourceTree = "<group>"; };
		4FB3764D2A7E571F00F00E64 /* RemoteImage.swift */ = {isa = PBXFileReference; lastKnownFileType = sourcecode.swift; path = RemoteImage.swift; sourceTree = "<group>"; };
		4FB3764F2A7E90B100F00E64 /* LoadingCell.swift */ = {isa = PBXFileReference; lastKnownFileType = sourcecode.swift; path = LoadingCell.swift; sourceTree = "<group>"; };
		4FB376512A7EB07200F00E64 /* Info.plist */ = {isa = PBXFileReference; lastKnownFileType = text.plist; path = Info.plist; sourceTree = "<group>"; };
		4FB376522A7FAB5200F00E64 /* LoadingView.swift */ = {isa = PBXFileReference; lastKnownFileType = sourcecode.swift; path = LoadingView.swift; sourceTree = "<group>"; };
		4FB376542A7FDF3A00F00E64 /* SplashDIContainer.swift */ = {isa = PBXFileReference; lastKnownFileType = sourcecode.swift; path = SplashDIContainer.swift; sourceTree = "<group>"; };
		4FB376572A7FE1AD00F00E64 /* SplashView.swift */ = {isa = PBXFileReference; lastKnownFileType = sourcecode.swift; path = SplashView.swift; sourceTree = "<group>"; };
		4FB376592A7FF66800F00E64 /* Color.swift */ = {isa = PBXFileReference; lastKnownFileType = sourcecode.swift; path = Color.swift; sourceTree = "<group>"; };
		4FB3765B2A7FF87000F00E64 /* Image.swift */ = {isa = PBXFileReference; lastKnownFileType = sourcecode.swift; path = Image.swift; sourceTree = "<group>"; };
		4FB3765D2A7FFBAF00F00E64 /* MovieButton.swift */ = {isa = PBXFileReference; lastKnownFileType = sourcecode.swift; path = MovieButton.swift; sourceTree = "<group>"; };
		4FB376632A800B1000F00E64 /* EmptyView.swift */ = {isa = PBXFileReference; lastKnownFileType = sourcecode.swift; path = EmptyView.swift; sourceTree = "<group>"; };
		68AA94D32A7EB36300E17F84 /* iMovieTests.xctest */ = {isa = PBXFileReference; explicitFileType = wrapper.cfbundle; includeInIndex = 0; path = iMovieTests.xctest; sourceTree = BUILT_PRODUCTS_DIR; };
		68AA94DD2A7F763C00E17F84 /* sampleData.json */ = {isa = PBXFileReference; lastKnownFileType = text.json; path = sampleData.json; sourceTree = "<group>"; };
		68AA94DF2A7F767A00E17F84 /* MockDataGenerator.swift */ = {isa = PBXFileReference; lastKnownFileType = sourcecode.swift; path = MockDataGenerator.swift; sourceTree = "<group>"; };
		68AA94E12A7F77F500E17F84 /* MoviesRepositoryMock.swift */ = {isa = PBXFileReference; lastKnownFileType = sourcecode.swift; path = MoviesRepositoryMock.swift; sourceTree = "<group>"; };
		68AA94E32A7F7D9700E17F84 /* NetworkServiceMock.swift */ = {isa = PBXFileReference; lastKnownFileType = sourcecode.swift; path = NetworkServiceMock.swift; sourceTree = "<group>"; };
		68AA94E62A7F7EE000E17F84 /* MoviesViewModelTests.swift */ = {isa = PBXFileReference; lastKnownFileType = sourcecode.swift; path = MoviesViewModelTests.swift; sourceTree = "<group>"; };
		68AA94E92A7F845000E17F84 /* MoviesModelTest.swift */ = {isa = PBXFileReference; lastKnownFileType = sourcecode.swift; path = MoviesModelTest.swift; sourceTree = "<group>"; };
		68EECD7A2A7E628C00506F83 /* MovieDetailRequest.swift */ = {isa = PBXFileReference; lastKnownFileType = sourcecode.swift; path = MovieDetailRequest.swift; sourceTree = "<group>"; };
		68EECD7C2A7E67E000506F83 /* MovieDetailViewModel.swift */ = {isa = PBXFileReference; lastKnownFileType = sourcecode.swift; path = MovieDetailViewModel.swift; sourceTree = "<group>"; };
		68EECD7E2A7E741400506F83 /* MovieDetailDIContainer.swift */ = {isa = PBXFileReference; lastKnownFileType = sourcecode.swift; path = MovieDetailDIContainer.swift; sourceTree = "<group>"; };
/* End PBXFileReference section */

/* Begin PBXFrameworksBuildPhase section */
		4F4E7CA42A7E1D0F008340D8 /* Frameworks */ = {
			isa = PBXFrameworksBuildPhase;
			buildActionMask = 2147483647;
			files = (
			);
			runOnlyForDeploymentPostprocessing = 0;
		};
		68AA94D02A7EB36300E17F84 /* Frameworks */ = {
			isa = PBXFrameworksBuildPhase;
			buildActionMask = 2147483647;
			files = (
			);
			runOnlyForDeploymentPostprocessing = 0;
		};
/* End PBXFrameworksBuildPhase section */

/* Begin PBXGroup section */
		4F4E7C9E2A7E1D0F008340D8 = {
			isa = PBXGroup;
			children = (
				4F4E7CA92A7E1D0F008340D8 /* iMovie */,
				68AA94D42A7EB36300E17F84 /* iMovieTests */,
				4F4E7CA82A7E1D0F008340D8 /* Products */,
			);
			sourceTree = "<group>";
		};
		4F4E7CA82A7E1D0F008340D8 /* Products */ = {
			isa = PBXGroup;
			children = (
				4F4E7CA72A7E1D0F008340D8 /* iMovie.app */,
				68AA94D32A7EB36300E17F84 /* iMovieTests.xctest */,
			);
			name = Products;
			sourceTree = "<group>";
		};
		4F4E7CA92A7E1D0F008340D8 /* iMovie */ = {
			isa = PBXGroup;
			children = (
				4FB375F42A7E299900F00E64 /* App */,
				4FB376292A7E2F6F00F00E64 /* DIContainer */,
				4FB3764C2A7E56FF00F00E64 /* Views */,
				4FB375F22A7E296400F00E64 /* Presentation */,
				4FB3760E2A7E2D5500F00E64 /* Models */,
				4FB376112A7E2DAF00F00E64 /* Common */,
				4FB375F92A7E2C8C00F00E64 /* Data */,
				4FB375FB2A7E2CBE00F00E64 /* Network */,
				4FB3760D2A7E2CCF00F00E64 /* Resources */,
				4F4E7CB02A7E1D10008340D8 /* Preview Content */,
				4FB376512A7EB07200F00E64 /* Info.plist */,
			);
			path = iMovie;
			sourceTree = "<group>";
		};
		4F4E7CB02A7E1D10008340D8 /* Preview Content */ = {
			isa = PBXGroup;
			children = (
				4F4E7CB12A7E1D10008340D8 /* Preview Assets.xcassets */,
			);
			path = "Preview Content";
			sourceTree = "<group>";
		};
		4FB375F22A7E296400F00E64 /* Presentation */ = {
			isa = PBXGroup;
			children = (
				4FB376562A7FE1A100F00E64 /* Splash */,
				4FB375F32A7E297400F00E64 /* MovieList */,
				4FB375F62A7E29EF00F00E64 /* MovieDetail */,
			);
			path = Presentation;
			sourceTree = "<group>";
		};
		4FB375F32A7E297400F00E64 /* MovieList */ = {
			isa = PBXGroup;
			children = (
				4FB375F52A7E29AF00F00E64 /* Cell */,
				4FB3763A2A7E304800F00E64 /* MovieListViewModel.swift */,
				4F4E7CAC2A7E1D0F008340D8 /* MovieListView.swift */,
			);
			path = MovieList;
			sourceTree = "<group>";
		};
		4FB375F42A7E299900F00E64 /* App */ = {
			isa = PBXGroup;
			children = (
				4F4E7CAA2A7E1D0F008340D8 /* iMovieApp.swift */,
			);
			path = App;
			sourceTree = "<group>";
		};
		4FB375F52A7E29AF00F00E64 /* Cell */ = {
			isa = PBXGroup;
			children = (
				4F4E7CB82A7E2016008340D8 /* MovieListCell.swift */,
				4FB3764F2A7E90B100F00E64 /* LoadingCell.swift */,
			);
			path = Cell;
			sourceTree = "<group>";
		};
		4FB375F62A7E29EF00F00E64 /* MovieDetail */ = {
			isa = PBXGroup;
			children = (
				68EECD7C2A7E67E000506F83 /* MovieDetailViewModel.swift */,
				4FB375F72A7E2A1200F00E64 /* MovieDetailView.swift */,
			);
			path = MovieDetail;
			sourceTree = "<group>";
		};
		4FB375F92A7E2C8C00F00E64 /* Data */ = {
			isa = PBXGroup;
			children = (
				4FB375FA2A7E2C9D00F00E64 /* Repository */,
			);
			path = Data;
			sourceTree = "<group>";
		};
		4FB375FA2A7E2C9D00F00E64 /* Repository */ = {
			isa = PBXGroup;
			children = (
				4FB376372A7E302000F00E64 /* MoviesRepository.swift */,
			);
			path = Repository;
			sourceTree = "<group>";
		};
		4FB375FB2A7E2CBE00F00E64 /* Network */ = {
			isa = PBXGroup;
			children = (
				4FB375FC2A7E2CBE00F00E64 /* Requests */,
				4FB375FF2A7E2CBE00F00E64 /* Reachability */,
				4FB376012A7E2CBE00F00E64 /* Service */,
			);
			path = Network;
			sourceTree = "<group>";
		};
		4FB375FC2A7E2CBE00F00E64 /* Requests */ = {
			isa = PBXGroup;
			children = (
				4FB375FE2A7E2CBE00F00E64 /* MovieRequest.swift */,
				68EECD7A2A7E628C00506F83 /* MovieDetailRequest.swift */,
			);
			path = Requests;
			sourceTree = "<group>";
		};
		4FB375FF2A7E2CBE00F00E64 /* Reachability */ = {
			isa = PBXGroup;
			children = (
				4FB376002A7E2CBE00F00E64 /* Reachability.swift */,
			);
			path = Reachability;
			sourceTree = "<group>";
		};
		4FB376012A7E2CBE00F00E64 /* Service */ = {
			isa = PBXGroup;
			children = (
				4FB376022A7E2CBE00F00E64 /* ImageDownloadService.swift */,
				4FB376032A7E2CBE00F00E64 /* NetworkService.swift */,
				4FB376042A7E2CBE00F00E64 /* DataRequest.swift */,
				4FB376052A7E2CBE00F00E64 /* ErrorResponse.swift */,
			);
			path = Service;
			sourceTree = "<group>";
		};
		4FB3760D2A7E2CCF00F00E64 /* Resources */ = {
			isa = PBXGroup;
			children = (
				4F4E7CAE2A7E1D10008340D8 /* Assets.xcassets */,
			);
			path = Resources;
			sourceTree = "<group>";
		};
		4FB3760E2A7E2D5500F00E64 /* Models */ = {
			isa = PBXGroup;
			children = (
				4FB3760F2A7E2D6C00F00E64 /* Movie.swift */,
			);
			path = Models;
			sourceTree = "<group>";
		};
		4FB376112A7E2DAF00F00E64 /* Common */ = {
			isa = PBXGroup;
			children = (
				4FB376142A7E2DAF00F00E64 /* Constants */,
				4FB376172A7E2DAF00F00E64 /* Extensions */,
			);
			path = Common;
			sourceTree = "<group>";
		};
		4FB376142A7E2DAF00F00E64 /* Constants */ = {
			isa = PBXGroup;
			children = (
				4FB376152A7E2DAF00F00E64 /* Strings.swift */,
				4FB376162A7E2DAF00F00E64 /* NetworkRoutes.swift */,
			);
			path = Constants;
			sourceTree = "<group>";
		};
		4FB376172A7E2DAF00F00E64 /* Extensions */ = {
			isa = PBXGroup;
			children = (
				4FB3761A2A7E2DAF00F00E64 /* NSError.swift */,
				4FB376592A7FF66800F00E64 /* Color.swift */,
				4FB3765B2A7FF87000F00E64 /* Image.swift */,
			);
			path = Extensions;
			sourceTree = "<group>";
		};
		4FB376292A7E2F6F00F00E64 /* DIContainer */ = {
			isa = PBXGroup;
			children = (
				4FB3762A2A7E2F6F00F00E64 /* AppDIContainer.swift */,
				4FB376542A7FDF3A00F00E64 /* SplashDIContainer.swift */,
				4FB3762B2A7E2F6F00F00E64 /* MovieListDIContainer.swift */,
				68EECD7E2A7E741400506F83 /* MovieDetailDIContainer.swift */,
			);
			path = DIContainer;
			sourceTree = "<group>";
		};
		4FB3764C2A7E56FF00F00E64 /* Views */ = {
			isa = PBXGroup;
			children = (
				4FB3764D2A7E571F00F00E64 /* RemoteImage.swift */,
				4FB376522A7FAB5200F00E64 /* LoadingView.swift */,
				4FB3765D2A7FFBAF00F00E64 /* MovieButton.swift */,
				4FB376632A800B1000F00E64 /* EmptyView.swift */,
			);
			path = Views;
			sourceTree = "<group>";
		};
		4FB376562A7FE1A100F00E64 /* Splash */ = {
			isa = PBXGroup;
			children = (
				4FB376572A7FE1AD00F00E64 /* SplashView.swift */,
			);
			path = Splash;
			sourceTree = "<group>";
		};
		68AA94D42A7EB36300E17F84 /* iMovieTests */ = {
			isa = PBXGroup;
			children = (
				68AA94DC2A7F755200E17F84 /* Mocks */,
				68AA94E52A7F7EC200E17F84 /* Presentation */,
				68AA94E82A7F841F00E17F84 /* Model */,
			);
			path = iMovieTests;
			sourceTree = "<group>";
		};
		68AA94DC2A7F755200E17F84 /* Mocks */ = {
			isa = PBXGroup;
			children = (
				68AA94DD2A7F763C00E17F84 /* sampleData.json */,
				68AA94DF2A7F767A00E17F84 /* MockDataGenerator.swift */,
				68AA94E12A7F77F500E17F84 /* MoviesRepositoryMock.swift */,
				68AA94E32A7F7D9700E17F84 /* NetworkServiceMock.swift */,
			);
			path = Mocks;
			sourceTree = "<group>";
		};
		68AA94E52A7F7EC200E17F84 /* Presentation */ = {
			isa = PBXGroup;
			children = (
				68AA94E62A7F7EE000E17F84 /* MoviesViewModelTests.swift */,
			);
			path = Presentation;
			sourceTree = "<group>";
		};
		68AA94E82A7F841F00E17F84 /* Model */ = {
			isa = PBXGroup;
			children = (
				68AA94E92A7F845000E17F84 /* MoviesModelTest.swift */,
			);
			path = Model;
			sourceTree = "<group>";
		};
/* End PBXGroup section */

/* Begin PBXNativeTarget section */
		4F4E7CA62A7E1D0F008340D8 /* iMovie */ = {
			isa = PBXNativeTarget;
			buildConfigurationList = 4F4E7CB52A7E1D10008340D8 /* Build configuration list for PBXNativeTarget "iMovie" */;
			buildPhases = (
				4F4E7CA32A7E1D0F008340D8 /* Sources */,
				4F4E7CA42A7E1D0F008340D8 /* Frameworks */,
				4F4E7CA52A7E1D0F008340D8 /* Resources */,
			);
			buildRules = (
			);
			dependencies = (
			);
			name = iMovie;
			productName = iMovie;
			productReference = 4F4E7CA72A7E1D0F008340D8 /* iMovie.app */;
			productType = "com.apple.product-type.application";
		};
		68AA94D22A7EB36300E17F84 /* iMovieTests */ = {
			isa = PBXNativeTarget;
			buildConfigurationList = 68AA94DB2A7EB36300E17F84 /* Build configuration list for PBXNativeTarget "iMovieTests" */;
			buildPhases = (
				68AA94CF2A7EB36300E17F84 /* Sources */,
				68AA94D02A7EB36300E17F84 /* Frameworks */,
				68AA94D12A7EB36300E17F84 /* Resources */,
			);
			buildRules = (
			);
			dependencies = (
				68AA94D82A7EB36300E17F84 /* PBXTargetDependency */,
			);
			name = iMovieTests;
			productName = iMovieTests;
			productReference = 68AA94D32A7EB36300E17F84 /* iMovieTests.xctest */;
			productType = "com.apple.product-type.bundle.unit-test";
		};
/* End PBXNativeTarget section */

/* Begin PBXProject section */
		4F4E7C9F2A7E1D0F008340D8 /* Project object */ = {
			isa = PBXProject;
			attributes = {
				BuildIndependentTargetsInParallel = 1;
				LastSwiftUpdateCheck = 1400;
				LastUpgradeCheck = 1420;
				TargetAttributes = {
					4F4E7CA62A7E1D0F008340D8 = {
						CreatedOnToolsVersion = 14.2;
					};
					68AA94D22A7EB36300E17F84 = {
						CreatedOnToolsVersion = 14.0.1;
						TestTargetID = 4F4E7CA62A7E1D0F008340D8;
					};
				};
			};
			buildConfigurationList = 4F4E7CA22A7E1D0F008340D8 /* Build configuration list for PBXProject "iMovie" */;
			compatibilityVersion = "Xcode 14.0";
			developmentRegion = en;
			hasScannedForEncodings = 0;
			knownRegions = (
				en,
				Base,
			);
			mainGroup = 4F4E7C9E2A7E1D0F008340D8;
			productRefGroup = 4F4E7CA82A7E1D0F008340D8 /* Products */;
			projectDirPath = "";
			projectRoot = "";
			targets = (
				4F4E7CA62A7E1D0F008340D8 /* iMovie */,
				68AA94D22A7EB36300E17F84 /* iMovieTests */,
			);
		};
/* End PBXProject section */

/* Begin PBXResourcesBuildPhase section */
		4F4E7CA52A7E1D0F008340D8 /* Resources */ = {
			isa = PBXResourcesBuildPhase;
			buildActionMask = 2147483647;
			files = (
				4F4E7CB22A7E1D10008340D8 /* Preview Assets.xcassets in Resources */,
				4F4E7CAF2A7E1D10008340D8 /* Assets.xcassets in Resources */,
			);
			runOnlyForDeploymentPostprocessing = 0;
		};
		68AA94D12A7EB36300E17F84 /* Resources */ = {
			isa = PBXResourcesBuildPhase;
			buildActionMask = 2147483647;
			files = (
				68AA94DE2A7F764A00E17F84 /* sampleData.json in Resources */,
			);
			runOnlyForDeploymentPostprocessing = 0;
		};
/* End PBXResourcesBuildPhase section */

/* Begin PBXSourcesBuildPhase section */
		4F4E7CA32A7E1D0F008340D8 /* Sources */ = {
			isa = PBXSourcesBuildPhase;
			buildActionMask = 2147483647;
			files = (
				4FB3761D2A7E2DAF00F00E64 /* NetworkRoutes.swift in Sources */,
				4FB376082A7E2CBE00F00E64 /* Reachability.swift in Sources */,
				4FB3760B2A7E2CBE00F00E64 /* DataRequest.swift in Sources */,
				4FB3765C2A7FF87000F00E64 /* Image.swift in Sources */,
				4FB376532A7FAB5200F00E64 /* LoadingView.swift in Sources */,
				4FB376382A7E302000F00E64 /* MoviesRepository.swift in Sources */,
				4FB376102A7E2D6C00F00E64 /* Movie.swift in Sources */,
				4FB376092A7E2CBE00F00E64 /* ImageDownloadService.swift in Sources */,
				4FB376582A7FE1AD00F00E64 /* SplashView.swift in Sources */,
				4FB3765E2A7FFBAF00F00E64 /* MovieButton.swift in Sources */,
				4FB3765A2A7FF66800F00E64 /* Color.swift in Sources */,
				68EECD7F2A7E741400506F83 /* MovieDetailDIContainer.swift in Sources */,
				4FB376072A7E2CBE00F00E64 /* MovieRequest.swift in Sources */,
				4FB3761C2A7E2DAF00F00E64 /* Strings.swift in Sources */,
				68EECD7B2A7E628C00506F83 /* MovieDetailRequest.swift in Sources */,
				4F4E7CAD2A7E1D0F008340D8 /* MovieListView.swift in Sources */,
				4FB376642A800B1000F00E64 /* EmptyView.swift in Sources */,
				4FB3760A2A7E2CBE00F00E64 /* NetworkService.swift in Sources */,
				4FB376432A7E304800F00E64 /* MovieListViewModel.swift in Sources */,
				4F4E7CAB2A7E1D0F008340D8 /* iMovieApp.swift in Sources */,
				68EECD7D2A7E67E000506F83 /* MovieDetailViewModel.swift in Sources */,
				4FB376552A7FDF3A00F00E64 /* SplashDIContainer.swift in Sources */,
				4FB376312A7E2F6F00F00E64 /* AppDIContainer.swift in Sources */,
				4FB3764E2A7E571F00F00E64 /* RemoteImage.swift in Sources */,
				4FB3760C2A7E2CBE00F00E64 /* ErrorResponse.swift in Sources */,
				4FB376502A7E90B100F00E64 /* LoadingCell.swift in Sources */,
				4FB375F82A7E2A1200F00E64 /* MovieDetailView.swift in Sources */,
				4F4E7CB92A7E2016008340D8 /* MovieListCell.swift in Sources */,
				4FB376202A7E2DAF00F00E64 /* NSError.swift in Sources */,
				4FB376322A7E2F6F00F00E64 /* MovieListDIContainer.swift in Sources */,
			);
			runOnlyForDeploymentPostprocessing = 0;
		};
		68AA94CF2A7EB36300E17F84 /* Sources */ = {
			isa = PBXSourcesBuildPhase;
			buildActionMask = 2147483647;
			files = (
				68AA94EA2A7F845000E17F84 /* MoviesModelTest.swift in Sources */,
				68AA94E72A7F7EE000E17F84 /* MoviesViewModelTests.swift in Sources */,
				68AA94E42A7F7D9700E17F84 /* NetworkServiceMock.swift in Sources */,
				68AA94E22A7F77F500E17F84 /* MoviesRepositoryMock.swift in Sources */,
				68AA94E02A7F767A00E17F84 /* MockDataGenerator.swift in Sources */,
			);
			runOnlyForDeploymentPostprocessing = 0;
		};
/* End PBXSourcesBuildPhase section */

/* Begin PBXTargetDependency section */
		68AA94D82A7EB36300E17F84 /* PBXTargetDependency */ = {
			isa = PBXTargetDependency;
			target = 4F4E7CA62A7E1D0F008340D8 /* iMovie */;
			targetProxy = 68AA94D72A7EB36300E17F84 /* PBXContainerItemProxy */;
		};
/* End PBXTargetDependency section */

/* Begin XCBuildConfiguration section */
		4F4E7CB32A7E1D10008340D8 /* Debug */ = {
			isa = XCBuildConfiguration;
			buildSettings = {
				ALWAYS_SEARCH_USER_PATHS = NO;
				CLANG_ANALYZER_NONNULL = YES;
				CLANG_ANALYZER_NUMBER_OBJECT_CONVERSION = YES_AGGRESSIVE;
				CLANG_CXX_LANGUAGE_STANDARD = "gnu++20";
				CLANG_ENABLE_MODULES = YES;
				CLANG_ENABLE_OBJC_ARC = YES;
				CLANG_ENABLE_OBJC_WEAK = YES;
				CLANG_WARN_BLOCK_CAPTURE_AUTORELEASING = YES;
				CLANG_WARN_BOOL_CONVERSION = YES;
				CLANG_WARN_COMMA = YES;
				CLANG_WARN_CONSTANT_CONVERSION = YES;
				CLANG_WARN_DEPRECATED_OBJC_IMPLEMENTATIONS = YES;
				CLANG_WARN_DIRECT_OBJC_ISA_USAGE = YES_ERROR;
				CLANG_WARN_DOCUMENTATION_COMMENTS = YES;
				CLANG_WARN_EMPTY_BODY = YES;
				CLANG_WARN_ENUM_CONVERSION = YES;
				CLANG_WARN_INFINITE_RECURSION = YES;
				CLANG_WARN_INT_CONVERSION = YES;
				CLANG_WARN_NON_LITERAL_NULL_CONVERSION = YES;
				CLANG_WARN_OBJC_IMPLICIT_RETAIN_SELF = YES;
				CLANG_WARN_OBJC_LITERAL_CONVERSION = YES;
				CLANG_WARN_OBJC_ROOT_CLASS = YES_ERROR;
				CLANG_WARN_QUOTED_INCLUDE_IN_FRAMEWORK_HEADER = YES;
				CLANG_WARN_RANGE_LOOP_ANALYSIS = YES;
				CLANG_WARN_STRICT_PROTOTYPES = YES;
				CLANG_WARN_SUSPICIOUS_MOVE = YES;
				CLANG_WARN_UNGUARDED_AVAILABILITY = YES_AGGRESSIVE;
				CLANG_WARN_UNREACHABLE_CODE = YES;
				CLANG_WARN__DUPLICATE_METHOD_MATCH = YES;
				COPY_PHASE_STRIP = NO;
				DEBUG_INFORMATION_FORMAT = dwarf;
				ENABLE_STRICT_OBJC_MSGSEND = YES;
				ENABLE_TESTABILITY = YES;
				GCC_C_LANGUAGE_STANDARD = gnu11;
				GCC_DYNAMIC_NO_PIC = NO;
				GCC_NO_COMMON_BLOCKS = YES;
				GCC_OPTIMIZATION_LEVEL = 0;
				GCC_PREPROCESSOR_DEFINITIONS = (
					"DEBUG=1",
					"$(inherited)",
				);
				GCC_WARN_64_TO_32_BIT_CONVERSION = YES;
				GCC_WARN_ABOUT_RETURN_TYPE = YES_ERROR;
				GCC_WARN_UNDECLARED_SELECTOR = YES;
				GCC_WARN_UNINITIALIZED_AUTOS = YES_AGGRESSIVE;
				GCC_WARN_UNUSED_FUNCTION = YES;
				GCC_WARN_UNUSED_VARIABLE = YES;
				IPHONEOS_DEPLOYMENT_TARGET = 16.2;
				MTL_ENABLE_DEBUG_INFO = INCLUDE_SOURCE;
				MTL_FAST_MATH = YES;
				ONLY_ACTIVE_ARCH = YES;
				SDKROOT = iphoneos;
				SWIFT_ACTIVE_COMPILATION_CONDITIONS = DEBUG;
				SWIFT_OPTIMIZATION_LEVEL = "-Onone";
			};
			name = Debug;
		};
		4F4E7CB42A7E1D10008340D8 /* Release */ = {
			isa = XCBuildConfiguration;
			buildSettings = {
				ALWAYS_SEARCH_USER_PATHS = NO;
				CLANG_ANALYZER_NONNULL = YES;
				CLANG_ANALYZER_NUMBER_OBJECT_CONVERSION = YES_AGGRESSIVE;
				CLANG_CXX_LANGUAGE_STANDARD = "gnu++20";
				CLANG_ENABLE_MODULES = YES;
				CLANG_ENABLE_OBJC_ARC = YES;
				CLANG_ENABLE_OBJC_WEAK = YES;
				CLANG_WARN_BLOCK_CAPTURE_AUTORELEASING = YES;
				CLANG_WARN_BOOL_CONVERSION = YES;
				CLANG_WARN_COMMA = YES;
				CLANG_WARN_CONSTANT_CONVERSION = YES;
				CLANG_WARN_DEPRECATED_OBJC_IMPLEMENTATIONS = YES;
				CLANG_WARN_DIRECT_OBJC_ISA_USAGE = YES_ERROR;
				CLANG_WARN_DOCUMENTATION_COMMENTS = YES;
				CLANG_WARN_EMPTY_BODY = YES;
				CLANG_WARN_ENUM_CONVERSION = YES;
				CLANG_WARN_INFINITE_RECURSION = YES;
				CLANG_WARN_INT_CONVERSION = YES;
				CLANG_WARN_NON_LITERAL_NULL_CONVERSION = YES;
				CLANG_WARN_OBJC_IMPLICIT_RETAIN_SELF = YES;
				CLANG_WARN_OBJC_LITERAL_CONVERSION = YES;
				CLANG_WARN_OBJC_ROOT_CLASS = YES_ERROR;
				CLANG_WARN_QUOTED_INCLUDE_IN_FRAMEWORK_HEADER = YES;
				CLANG_WARN_RANGE_LOOP_ANALYSIS = YES;
				CLANG_WARN_STRICT_PROTOTYPES = YES;
				CLANG_WARN_SUSPICIOUS_MOVE = YES;
				CLANG_WARN_UNGUARDED_AVAILABILITY = YES_AGGRESSIVE;
				CLANG_WARN_UNREACHABLE_CODE = YES;
				CLANG_WARN__DUPLICATE_METHOD_MATCH = YES;
				COPY_PHASE_STRIP = NO;
				DEBUG_INFORMATION_FORMAT = "dwarf-with-dsym";
				ENABLE_NS_ASSERTIONS = NO;
				ENABLE_STRICT_OBJC_MSGSEND = YES;
				GCC_C_LANGUAGE_STANDARD = gnu11;
				GCC_NO_COMMON_BLOCKS = YES;
				GCC_WARN_64_TO_32_BIT_CONVERSION = YES;
				GCC_WARN_ABOUT_RETURN_TYPE = YES_ERROR;
				GCC_WARN_UNDECLARED_SELECTOR = YES;
				GCC_WARN_UNINITIALIZED_AUTOS = YES_AGGRESSIVE;
				GCC_WARN_UNUSED_FUNCTION = YES;
				GCC_WARN_UNUSED_VARIABLE = YES;
				IPHONEOS_DEPLOYMENT_TARGET = 16.2;
				MTL_ENABLE_DEBUG_INFO = NO;
				MTL_FAST_MATH = YES;
				SDKROOT = iphoneos;
				SWIFT_COMPILATION_MODE = wholemodule;
				SWIFT_OPTIMIZATION_LEVEL = "-O";
				VALIDATE_PRODUCT = YES;
			};
			name = Release;
		};
		4F4E7CB62A7E1D10008340D8 /* Debug */ = {
			isa = XCBuildConfiguration;
			buildSettings = {
				ASSETCATALOG_COMPILER_APPICON_NAME = AppIcon;
				ASSETCATALOG_COMPILER_GLOBAL_ACCENT_COLOR_NAME = AccentColor;
				CODE_SIGN_IDENTITY = "Apple Development";
				CODE_SIGN_STYLE = Automatic;
				CURRENT_PROJECT_VERSION = 1;
				DEVELOPMENT_ASSET_PATHS = "\"iMovie/Preview Content\"";
				DEVELOPMENT_TEAM = U3E4MPA7K7;
				ENABLE_PREVIEWS = YES;
				GENERATE_INFOPLIST_FILE = YES;
				INFOPLIST_FILE = iMovie/Info.plist;
				INFOPLIST_KEY_UIApplicationSupportsIndirectInputEvents = YES;
				INFOPLIST_KEY_UILaunchScreen_Generation = YES;
				INFOPLIST_KEY_UISupportedInterfaceOrientations_iPad = "UIInterfaceOrientationPortrait UIInterfaceOrientationPortraitUpsideDown UIInterfaceOrientationLandscapeLeft UIInterfaceOrientationLandscapeRight";
				INFOPLIST_KEY_UISupportedInterfaceOrientations_iPhone = "UIInterfaceOrientationPortrait UIInterfaceOrientationLandscapeLeft UIInterfaceOrientationLandscapeRight";
				IPHONEOS_DEPLOYMENT_TARGET = 16.0;
				LD_RUNPATH_SEARCH_PATHS = (
					"$(inherited)",
					"@executable_path/Frameworks",
				);
				MARKETING_VERSION = 1.0;
				PRODUCT_BUNDLE_IDENTIFIER = com.yassir.iMovie;
				PRODUCT_NAME = "$(TARGET_NAME)";
				PROVISIONING_PROFILE_SPECIFIER = "";
				SWIFT_EMIT_LOC_STRINGS = YES;
				SWIFT_VERSION = 5.0;
				TARGETED_DEVICE_FAMILY = "1,2";
			};
			name = Debug;
		};
		4F4E7CB72A7E1D10008340D8 /* Release */ = {
			isa = XCBuildConfiguration;
			buildSettings = {
				ASSETCATALOG_COMPILER_APPICON_NAME = AppIcon;
				ASSETCATALOG_COMPILER_GLOBAL_ACCENT_COLOR_NAME = AccentColor;
				CODE_SIGN_IDENTITY = "Apple Development";
				CODE_SIGN_STYLE = Automatic;
				CURRENT_PROJECT_VERSION = 1;
				DEVELOPMENT_ASSET_PATHS = "\"iMovie/Preview Content\"";
				DEVELOPMENT_TEAM = U3E4MPA7K7;
				ENABLE_PREVIEWS = YES;
				GENERATE_INFOPLIST_FILE = YES;
				INFOPLIST_FILE = iMovie/Info.plist;
				INFOPLIST_KEY_UIApplicationSupportsIndirectInputEvents = YES;
				INFOPLIST_KEY_UILaunchScreen_Generation = YES;
				INFOPLIST_KEY_UISupportedInterfaceOrientations_iPad = "UIInterfaceOrientationPortrait UIInterfaceOrientationPortraitUpsideDown UIInterfaceOrientationLandscapeLeft UIInterfaceOrientationLandscapeRight";
				INFOPLIST_KEY_UISupportedInterfaceOrientations_iPhone = "UIInterfaceOrientationPortrait UIInterfaceOrientationLandscapeLeft UIInterfaceOrientationLandscapeRight";
				IPHONEOS_DEPLOYMENT_TARGET = 16.0;
				LD_RUNPATH_SEARCH_PATHS = (
					"$(inherited)",
					"@executable_path/Frameworks",
				);
				MARKETING_VERSION = 1.0;
				PRODUCT_BUNDLE_IDENTIFIER = com.yassir.iMovie;
				PRODUCT_NAME = "$(TARGET_NAME)";
				PROVISIONING_PROFILE_SPECIFIER = "";
				SWIFT_EMIT_LOC_STRINGS = YES;
				SWIFT_VERSION = 5.0;
				TARGETED_DEVICE_FAMILY = "1,2";
			};
			name = Release;
		};
		68AA94D92A7EB36300E17F84 /* Debug */ = {
			isa = XCBuildConfiguration;
			buildSettings = {
				BUNDLE_LOADER = "$(TEST_HOST)";
				CODE_SIGN_STYLE = Automatic;
				CURRENT_PROJECT_VERSION = 1;
				GENERATE_INFOPLIST_FILE = YES;
				IPHONEOS_DEPLOYMENT_TARGET = 16.0;
				MARKETING_VERSION = 1.0;
				PRODUCT_BUNDLE_IDENTIFIER = com.iMovieTests;
				PRODUCT_NAME = "$(TARGET_NAME)";
				SWIFT_EMIT_LOC_STRINGS = NO;
				SWIFT_VERSION = 5.0;
				TARGETED_DEVICE_FAMILY = "1,2";
				TEST_HOST = "$(BUILT_PRODUCTS_DIR)/iMovie.app/$(BUNDLE_EXECUTABLE_FOLDER_PATH)/iMovie";
			};
			name = Debug;
		};
		68AA94DA2A7EB36300E17F84 /* Release */ = {
			isa = XCBuildConfiguration;
			buildSettings = {
				BUNDLE_LOADER = "$(TEST_HOST)";
				CODE_SIGN_STYLE = Automatic;
				CURRENT_PROJECT_VERSION = 1;
				GENERATE_INFOPLIST_FILE = YES;
				IPHONEOS_DEPLOYMENT_TARGET = 16.0;
				MARKETING_VERSION = 1.0;
				PRODUCT_BUNDLE_IDENTIFIER = com.iMovieTests;
				PRODUCT_NAME = "$(TARGET_NAME)";
				SWIFT_EMIT_LOC_STRINGS = NO;
				SWIFT_VERSION = 5.0;
				TARGETED_DEVICE_FAMILY = "1,2";
				TEST_HOST = "$(BUILT_PRODUCTS_DIR)/iMovie.app/$(BUNDLE_EXECUTABLE_FOLDER_PATH)/iMovie";
			};
			name = Release;
		};
/* End XCBuildConfiguration section */

/* Begin XCConfigurationList section */
		4F4E7CA22A7E1D0F008340D8 /* Build configuration list for PBXProject "iMovie" */ = {
			isa = XCConfigurationList;
			buildConfigurations = (
				4F4E7CB32A7E1D10008340D8 /* Debug */,
				4F4E7CB42A7E1D10008340D8 /* Release */,
			);
			defaultConfigurationIsVisible = 0;
			defaultConfigurationName = Release;
		};
		4F4E7CB52A7E1D10008340D8 /* Build configuration list for PBXNativeTarget "iMovie" */ = {
			isa = XCConfigurationList;
			buildConfigurations = (
				4F4E7CB62A7E1D10008340D8 /* Debug */,
				4F4E7CB72A7E1D10008340D8 /* Release */,
			);
			defaultConfigurationIsVisible = 0;
			defaultConfigurationName = Release;
		};
		68AA94DB2A7EB36300E17F84 /* Build configuration list for PBXNativeTarget "iMovieTests" */ = {
			isa = XCConfigurationList;
			buildConfigurations = (
				68AA94D92A7EB36300E17F84 /* Debug */,
				68AA94DA2A7EB36300E17F84 /* Release */,
			);
			defaultConfigurationIsVisible = 0;
			defaultConfigurationName = Release;
		};
/* End XCConfigurationList section */
	};
	rootObject = 4F4E7C9F2A7E1D0F008340D8 /* Project object */;
}
